
Microsoft Visual Studio Solution File, Format Version 12.00
# Visual Studio Version 16
VisualStudioVersion = 16.0.30011.22
MinimumVisualStudioVersion = 10.0.40219.1
Project("{2150E333-8FDC-42A3-9474-1A3956D46DE8}") = "Core", "Core", "{785DB7D1-B498-4A23-8FF8-8F7CF09DC05C}"
EndProject
Project("{FAE04EC0-301F-11D3-BF4B-00C04F79EFBC}") = "Core.Network", "Core\Network\Core.Network.csproj", "{33FD6E9C-05F1-46EF-B05C-5BA9BDA0A0C6}"
EndProject
Project("{FAE04EC0-301F-11D3-BF4B-00C04F79EFBC}") = "Core.Server", "Core\Server\Core.Server.csproj", "{870DF9E9-683A-4961-8E82-CC056E6B30F1}"
EndProject
Project("{2150E333-8FDC-42A3-9474-1A3956D46DE8}") = "Server", "Server", "{3382F8A2-8356-45F9-849C-DC87F14563B7}"
EndProject
Project("{2150E333-8FDC-42A3-9474-1A3956D46DE8}") = "Tools", "Tools", "{3924E509-0853-46F3-94C8-C272EA0C1E4E}"
EndProject
Project("{9A19103F-16F7-4668-BE54-9A1E7A4F7556}") = "AccountServer", "Server\AccountServer\AccountServer.csproj", "{84C20F71-723D-474C-B907-407389D7767C}"
EndProject
Project("{9A19103F-16F7-4668-BE54-9A1E7A4F7556}") = "GameServer", "Server\GameServer\GameServer.csproj", "{833F9688-3292-46E4-8644-84FA50C89642}"
EndProject
Project("{FAE04EC0-301F-11D3-BF4B-00C04F79EFBC}") = "PacketGenerator", "Tools\PacketGenerator\PacketGenerator.csproj", "{F98719CA-82B8-47C4-A49F-208620392057}"
EndProject
Global
	GlobalSection(SolutionConfigurationPlatforms) = preSolution
		Debug|Any CPU = Debug|Any CPU
		Release|Any CPU = Release|Any CPU
	EndGlobalSection
	GlobalSection(ProjectConfigurationPlatforms) = postSolution
		{33FD6E9C-05F1-46EF-B05C-5BA9BDA0A0C6}.Debug|Any CPU.ActiveCfg = Debug|Any CPU
		{33FD6E9C-05F1-46EF-B05C-5BA9BDA0A0C6}.Debug|Any CPU.Build.0 = Debug|Any CPU
		{33FD6E9C-05F1-46EF-B05C-5BA9BDA0A0C6}.Release|Any CPU.ActiveCfg = Release|Any CPU
		{33FD6E9C-05F1-46EF-B05C-5BA9BDA0A0C6}.Release|Any CPU.Build.0 = Release|Any CPU
		{870DF9E9-683A-4961-8E82-CC056E6B30F1}.Debug|Any CPU.ActiveCfg = Debug|Any CPU
		{870DF9E9-683A-4961-8E82-CC056E6B30F1}.Debug|Any CPU.Build.0 = Debug|Any CPU
		{870DF9E9-683A-4961-8E82-CC056E6B30F1}.Release|Any CPU.ActiveCfg = Release|Any CPU
		{870DF9E9-683A-4961-8E82-CC056E6B30F1}.Release|Any CPU.Build.0 = Release|Any CPU
		{84C20F71-723D-474C-B907-407389D7767C}.Debug|Any CPU.ActiveCfg = Debug|Any CPU
		{84C20F71-723D-474C-B907-407389D7767C}.Debug|Any CPU.Build.0 = Debug|Any CPU
		{84C20F71-723D-474C-B907-407389D7767C}.Release|Any CPU.ActiveCfg = Release|Any CPU
		{84C20F71-723D-474C-B907-407389D7767C}.Release|Any CPU.Build.0 = Release|Any CPU
		{833F9688-3292-46E4-8644-84FA50C89642}.Debug|Any CPU.ActiveCfg = Debug|Any CPU
		{833F9688-3292-46E4-8644-84FA50C89642}.Debug|Any CPU.Build.0 = Debug|Any CPU
		{833F9688-3292-46E4-8644-84FA50C89642}.Release|Any CPU.ActiveCfg = Release|Any CPU
		{833F9688-3292-46E4-8644-84FA50C89642}.Release|Any CPU.Build.0 = Release|Any CPU
		{F98719CA-82B8-47C4-A49F-208620392057}.Debug|Any CPU.ActiveCfg = Debug|Any CPU
		{F98719CA-82B8-47C4-A49F-208620392057}.Debug|Any CPU.Build.0 = Debug|Any CPU
		{F98719CA-82B8-47C4-A49F-208620392057}.Release|Any CPU.ActiveCfg = Release|Any CPU
		{F98719CA-82B8-47C4-A49F-208620392057}.Release|Any CPU.Build.0 = Release|Any CPU
	EndGlobalSection
	GlobalSection(SolutionProperties) = preSolution
		HideSolutionNode = FALSE
	EndGlobalSection
	GlobalSection(NestedProjects) = preSolution
		{33FD6E9C-05F1-46EF-B05C-5BA9BDA0A0C6} = {785DB7D1-B498-4A23-8FF8-8F7CF09DC05C}
		{870DF9E9-683A-4961-8E82-CC056E6B30F1} = {785DB7D1-B498-4A23-8FF8-8F7CF09DC05C}
		{84C20F71-723D-474C-B907-407389D7767C} = {3382F8A2-8356-45F9-849C-DC87F14563B7}
		{833F9688-3292-46E4-8644-84FA50C89642} = {3382F8A2-8356-45F9-849C-DC87F14563B7}
		{F98719CA-82B8-47C4-A49F-208620392057} = {3924E509-0853-46F3-94C8-C272EA0C1E4E}
	EndGlobalSection
	GlobalSection(ExtensibilityGlobals) = postSolution
		SolutionGuid = {A455B4AD-D78B-4005-A565-C2BF0F9DDA3E}
	EndGlobalSection
EndGlobal
